
Microsoft Visual Studio Solution File, Format Version 12.00
# Visual Studio Version 17
VisualStudioVersion = 17.1.32421.90
MinimumVisualStudioVersion = 10.0.40219.1
Project("{9A19103F-16F7-4668-BE54-9A1E7A4F7556}") = "BTL_DoAn.Data", "BTL_XLA.Data\BTL_DoAn.Data.csproj", "{5FA77D2E-BB0D-43A1-BE97-B164D331E78C}"
EndProject
Project("{FAE04EC0-301F-11D3-BF4B-00C04F79EFBC}") = "BTL_DoAn.Application", "BTL_DoAn.Application\BTL_DoAn.Application.csproj", "{FF1F589C-2BBB-4BB3-ADDC-5AC2D1CDE411}"
EndProject
Global
	GlobalSection(SolutionConfigurationPlatforms) = preSolution
		Debug|Any CPU = Debug|Any CPU
		Release|Any CPU = Release|Any CPU
	EndGlobalSection
	GlobalSection(ProjectConfigurationPlatforms) = postSolution
		{5FA77D2E-BB0D-43A1-BE97-B164D331E78C}.Debug|Any CPU.ActiveCfg = Debug|Any CPU
		{5FA77D2E-BB0D-43A1-BE97-B164D331E78C}.Debug|Any CPU.Build.0 = Debug|Any CPU
		{5FA77D2E-BB0D-43A1-BE97-B164D331E78C}.Release|Any CPU.ActiveCfg = Release|Any CPU
		{5FA77D2E-BB0D-43A1-BE97-B164D331E78C}.Release|Any CPU.Build.0 = Release|Any CPU
		{FF1F589C-2BBB-4BB3-ADDC-5AC2D1CDE411}.Debug|Any CPU.ActiveCfg = Debug|Any CPU
		{FF1F589C-2BBB-4BB3-ADDC-5AC2D1CDE411}.Debug|Any CPU.Build.0 = Debug|Any CPU
		{FF1F589C-2BBB-4BB3-ADDC-5AC2D1CDE411}.Release|Any CPU.ActiveCfg = Release|Any CPU
		{FF1F589C-2BBB-4BB3-ADDC-5AC2D1CDE411}.Release|Any CPU.Build.0 = Release|Any CPU
	EndGlobalSection
	GlobalSection(SolutionProperties) = preSolution
		HideSolutionNode = FALSE
	EndGlobalSection
	GlobalSection(ExtensibilityGlobals) = postSolution
		SolutionGuid = {444A89DD-9255-40C9-BB66-5C5BF29ED17A}
	EndGlobalSection
EndGlobal
